// !$*UTF8*$!
{
	archiveVersion = 1;
	classes = {
	};
	objectVersion = 50;
	objects = {

/* Begin PBXBuildFile section */
		D2A23C5E2264072900D982D1 /* AppDelegate.m in Sources */ = {isa = PBXBuildFile; fileRef = D2A23C5D2264072900D982D1 /* AppDelegate.m */; };
		D2A23C612264072900D982D1 /* ViewController.m in Sources */ = {isa = PBXBuildFile; fileRef = D2A23C602264072900D982D1 /* ViewController.m */; };
		D2A23C642264072900D982D1 /* Main.storyboard in Resources */ = {isa = PBXBuildFile; fileRef = D2A23C622264072900D982D1 /* Main.storyboard */; };
		D2A23C662264072B00D982D1 /* Assets.xcassets in Resources */ = {isa = PBXBuildFile; fileRef = D2A23C652264072B00D982D1 /* Assets.xcassets */; };
		D2A23C692264072B00D982D1 /* LaunchScreen.storyboard in Resources */ = {isa = PBXBuildFile; fileRef = D2A23C672264072B00D982D1 /* LaunchScreen.storyboard */; };
		D2A23C6C2264072B00D982D1 /* main.m in Sources */ = {isa = PBXBuildFile; fileRef = D2A23C6B2264072B00D982D1 /* main.m */; };
		D2A23C762264072B00D982D1 /* TableViewCustomCellTests.m in Sources */ = {isa = PBXBuildFile; fileRef = D2A23C752264072B00D982D1 /* TableViewCustomCellTests.m */; };
		D2A23C812264072B00D982D1 /* TableViewCustomCellUITests.m in Sources */ = {isa = PBXBuildFile; fileRef = D2A23C802264072B00D982D1 /* TableViewCustomCellUITests.m */; };
		D2A23C902264079900D982D1 /* MainViewController.m in Sources */ = {isa = PBXBuildFile; fileRef = D2A23C8F2264079900D982D1 /* MainViewController.m */; };
		D2A23C93226409A900D982D1 /* FoodCellTableViewCell.m in Sources */ = {isa = PBXBuildFile; fileRef = D2A23C92226409A900D982D1 /* FoodCellTableViewCell.m */; };
/* End PBXBuildFile section */

/* Begin PBXContainerItemProxy section */
		D2A23C722264072B00D982D1 /* PBXContainerItemProxy */ = {
			isa = PBXContainerItemProxy;
			containerPortal = D2A23C512264072900D982D1 /* Project object */;
			proxyType = 1;
			remoteGlobalIDString = D2A23C582264072900D982D1;
			remoteInfo = TableViewCustomCell;
		};
		D2A23C7D2264072B00D982D1 /* PBXContainerItemProxy */ = {
			isa = PBXContainerItemProxy;
			containerPortal = D2A23C512264072900D982D1 /* Project object */;
			proxyType = 1;
			remoteGlobalIDString = D2A23C582264072900D982D1;
			remoteInfo = TableViewCustomCell;
		};
/* End PBXContainerItemProxy section */

/* Begin PBXFileReference section */
		D2A23C592264072900D982D1 /* TableViewCustomCell.app */ = {isa = PBXFileReference; explicitFileType = wrapper.application; includeInIndex = 0; path = TableViewCustomCell.app; sourceTree = BUILT_PRODUCTS_DIR; };
		D2A23C5C2264072900D982D1 /* AppDelegate.h */ = {isa = PBXFileReference; lastKnownFileType = sourcecode.c.h; path = AppDelegate.h; sourceTree = "<group>"; };
		D2A23C5D2264072900D982D1 /* AppDelegate.m */ = {isa = PBXFileReference; lastKnownFileType = sourcecode.c.objc; path = AppDelegate.m; sourceTree = "<group>"; };
		D2A23C5F2264072900D982D1 /* ViewController.h */ = {isa = PBXFileReference; lastKnownFileType = sourcecode.c.h; path = ViewController.h; sourceTree = "<group>"; };
		D2A23C602264072900D982D1 /* ViewController.m */ = {isa = PBXFileReference; lastKnownFileType = sourcecode.c.objc; path = ViewController.m; sourceTree = "<group>"; };
		D2A23C632264072900D982D1 /* Base */ = {isa = PBXFileReference; lastKnownFileType = file.storyboard; name = Base; path = Base.lproj/Main.storyboard; sourceTree = "<group>"; };
		D2A23C652264072B00D982D1 /* Assets.xcassets */ = {isa = PBXFileReference; lastKnownFileType = folder.assetcatalog; path = Assets.xcassets; sourceTree = "<group>"; };
		D2A23C682264072B00D982D1 /* Base */ = {isa = PBXFileReference; lastKnownFileType = file.storyboard; name = Base; path = Base.lproj/LaunchScreen.storyboard; sourceTree = "<group>"; };
		D2A23C6A2264072B00D982D1 /* Info.plist */ = {isa = PBXFileReference; lastKnownFileType = text.plist.xml; path = Info.plist; sourceTree = "<group>"; };
		D2A23C6B2264072B00D982D1 /* main.m */ = {isa = PBXFileReference; lastKnownFileType = sourcecode.c.objc; path = main.m; sourceTree = "<group>"; };
		D2A23C712264072B00D982D1 /* TableViewCustomCellTests.xctest */ = {isa = PBXFileReference; explicitFileType = wrapper.cfbundle; includeInIndex = 0; path = TableViewCustomCellTests.xctest; sourceTree = BUILT_PRODUCTS_DIR; };
		D2A23C752264072B00D982D1 /* TableViewCustomCellTests.m */ = {isa = PBXFileReference; lastKnownFileType = sourcecode.c.objc; path = TableViewCustomCellTests.m; sourceTree = "<group>"; };
		D2A23C772264072B00D982D1 /* Info.plist */ = {isa = PBXFileReference; lastKnownFileType = text.plist.xml; path = Info.plist; sourceTree = "<group>"; };
		D2A23C7C2264072B00D982D1 /* TableViewCustomCellUITests.xctest */ = {isa = PBXFileReference; explicitFileType = wrapper.cfbundle; includeInIndex = 0; path = TableViewCustomCellUITests.xctest; sourceTree = BUILT_PRODUCTS_DIR; };
		D2A23C802264072B00D982D1 /* TableViewCustomCellUITests.m */ = {isa = PBXFileReference; lastKnownFileType = sourcecode.c.objc; path = TableViewCustomCellUITests.m; sourceTree = "<group>"; };
		D2A23C822264072B00D982D1 /* Info.plist */ = {isa = PBXFileReference; lastKnownFileType = text.plist.xml; path = Info.plist; sourceTree = "<group>"; };
		D2A23C8E2264079900D982D1 /* MainViewController.h */ = {isa = PBXFileReference; lastKnownFileType = sourcecode.c.h; path = MainViewController.h; sourceTree = "<group>"; };
		D2A23C8F2264079900D982D1 /* MainViewController.m */ = {isa = PBXFileReference; lastKnownFileType = sourcecode.c.objc; path = MainViewController.m; sourceTree = "<group>"; };
		D2A23C91226409A900D982D1 /* FoodCellTableViewCell.h */ = {isa = PBXFileReference; lastKnownFileType = sourcecode.c.h; path = FoodCellTableViewCell.h; sourceTree = "<group>"; };
		D2A23C92226409A900D982D1 /* FoodCellTableViewCell.m */ = {isa = PBXFileReference; lastKnownFileType = sourcecode.c.objc; path = FoodCellTableViewCell.m; sourceTree = "<group>"; };
/* End PBXFileReference section */

/* Begin PBXFrameworksBuildPhase section */
		D2A23C562264072900D982D1 /* Frameworks */ = {
			isa = PBXFrameworksBuildPhase;
			buildActionMask = 2147483647;
			files = (
			);
			runOnlyForDeploymentPostprocessing = 0;
		};
		D2A23C6E2264072B00D982D1 /* Frameworks */ = {
			isa = PBXFrameworksBuildPhase;
			buildActionMask = 2147483647;
			files = (
			);
			runOnlyForDeploymentPostprocessing = 0;
		};
		D2A23C792264072B00D982D1 /* Frameworks */ = {
			isa = PBXFrameworksBuildPhase;
			buildActionMask = 2147483647;
			files = (
			);
			runOnlyForDeploymentPostprocessing = 0;
		};
/* End PBXFrameworksBuildPhase section */

/* Begin PBXGroup section */
		D2A23C502264072900D982D1 = {
			isa = PBXGroup;
			children = (
				D2A23C5B2264072900D982D1 /* TableViewCustomCell */,
				D2A23C742264072B00D982D1 /* TableViewCustomCellTests */,
				D2A23C7F2264072B00D982D1 /* TableViewCustomCellUITests */,
				D2A23C5A2264072900D982D1 /* Products */,
			);
			sourceTree = "<group>";
		};
		D2A23C5A2264072900D982D1 /* Products */ = {
			isa = PBXGroup;
			children = (
				D2A23C592264072900D982D1 /* TableViewCustomCell.app */,
				D2A23C712264072B00D982D1 /* TableViewCustomCellTests.xctest */,
				D2A23C7C2264072B00D982D1 /* TableViewCustomCellUITests.xctest */,
			);
			name = Products;
			sourceTree = "<group>";
		};
		D2A23C5B2264072900D982D1 /* TableViewCustomCell */ = {
			isa = PBXGroup;
			children = (
				D2A23C5C2264072900D982D1 /* AppDelegate.h */,
				D2A23C5D2264072900D982D1 /* AppDelegate.m */,
				D2A23C5F2264072900D982D1 /* ViewController.h */,
				D2A23C602264072900D982D1 /* ViewController.m */,
				D2A23C622264072900D982D1 /* Main.storyboard */,
				D2A23C652264072B00D982D1 /* Assets.xcassets */,
				D2A23C672264072B00D982D1 /* LaunchScreen.storyboard */,
				D2A23C6A2264072B00D982D1 /* Info.plist */,
				D2A23C6B2264072B00D982D1 /* main.m */,
				D2A23C8E2264079900D982D1 /* MainViewController.h */,
				D2A23C8F2264079900D982D1 /* MainViewController.m */,
				D2A23C91226409A900D982D1 /* FoodCellTableViewCell.h */,
				D2A23C92226409A900D982D1 /* FoodCellTableViewCell.m */,
			);
			path = TableViewCustomCell;
			sourceTree = "<group>";
		};
		D2A23C742264072B00D982D1 /* TableViewCustomCellTests */ = {
			isa = PBXGroup;
			children = (
				D2A23C752264072B00D982D1 /* TableViewCustomCellTests.m */,
				D2A23C772264072B00D982D1 /* Info.plist */,
			);
			path = TableViewCustomCellTests;
			sourceTree = "<group>";
		};
		D2A23C7F2264072B00D982D1 /* TableViewCustomCellUITests */ = {
			isa = PBXGroup;
			children = (
				D2A23C802264072B00D982D1 /* TableViewCustomCellUITests.m */,
				D2A23C822264072B00D982D1 /* Info.plist */,
			);
			path = TableViewCustomCellUITests;
			sourceTree = "<group>";
		};
/* End PBXGroup section */

/* Begin PBXNativeTarget section */
		D2A23C582264072900D982D1 /* TableViewCustomCell */ = {
			isa = PBXNativeTarget;
			buildConfigurationList = D2A23C852264072B00D982D1 /* Build configuration list for PBXNativeTarget "TableViewCustomCell" */;
			buildPhases = (
				D2A23C552264072900D982D1 /* Sources */,
				D2A23C562264072900D982D1 /* Frameworks */,
				D2A23C572264072900D982D1 /* Resources */,
			);
			buildRules = (
			);
			dependencies = (
			);
			name = TableViewCustomCell;
			productName = TableViewCustomCell;
			productReference = D2A23C592264072900D982D1 /* TableViewCustomCell.app */;
			productType = "com.apple.product-type.application";
		};
		D2A23C702264072B00D982D1 /* TableViewCustomCellTests */ = {
			isa = PBXNativeTarget;
			buildConfigurationList = D2A23C882264072B00D982D1 /* Build configuration list for PBXNativeTarget "TableViewCustomCellTests" */;
			buildPhases = (
				D2A23C6D2264072B00D982D1 /* Sources */,
				D2A23C6E2264072B00D982D1 /* Frameworks */,
				D2A23C6F2264072B00D982D1 /* Resources */,
			);
			buildRules = (
			);
			dependencies = (
				D2A23C732264072B00D982D1 /* PBXTargetDependency */,
			);
			name = TableViewCustomCellTests;
			productName = TableViewCustomCellTests;
			productReference = D2A23C712264072B00D982D1 /* TableViewCustomCellTests.xctest */;
			productType = "com.apple.product-type.bundle.unit-test";
		};
		D2A23C7B2264072B00D982D1 /* TableViewCustomCellUITests */ = {
			isa = PBXNativeTarget;
			buildConfigurationList = D2A23C8B2264072B00D982D1 /* Build configuration list for PBXNativeTarget "TableViewCustomCellUITests" */;
			buildPhases = (
				D2A23C782264072B00D982D1 /* Sources */,
				D2A23C792264072B00D982D1 /* Frameworks */,
				D2A23C7A2264072B00D982D1 /* Resources */,
			);
			buildRules = (
			);
			dependencies = (
				D2A23C7E2264072B00D982D1 /* PBXTargetDependency */,
			);
			name = TableViewCustomCellUITests;
			productName = TableViewCustomCellUITests;
			productReference = D2A23C7C2264072B00D982D1 /* TableViewCustomCellUITests.xctest */;
			productType = "com.apple.product-type.bundle.ui-testing";
		};
/* End PBXNativeTarget section */

/* Begin PBXProject section */
		D2A23C512264072900D982D1 /* Project object */ = {
			isa = PBXProject;
			attributes = {
				LastUpgradeCheck = 1010;
				ORGANIZATIONNAME = ckq;
				TargetAttributes = {
					D2A23C582264072900D982D1 = {
						CreatedOnToolsVersion = 10.1;
					};
					D2A23C702264072B00D982D1 = {
						CreatedOnToolsVersion = 10.1;
						TestTargetID = D2A23C582264072900D982D1;
					};
					D2A23C7B2264072B00D982D1 = {
						CreatedOnToolsVersion = 10.1;
						TestTargetID = D2A23C582264072900D982D1;
					};
				};
			};
			buildConfigurationList = D2A23C542264072900D982D1 /* Build configuration list for PBXProject "TableViewCustomCell" */;
			compatibilityVersion = "Xcode 9.3";
			developmentRegion = en;
			hasScannedForEncodings = 0;
			knownRegions = (
				en,
				Base,
			);
			mainGroup = D2A23C502264072900D982D1;
			productRefGroup = D2A23C5A2264072900D982D1 /* Products */;
			projectDirPath = "";
			projectRoot = "";
			targets = (
				D2A23C582264072900D982D1 /* TableViewCustomCell */,
				D2A23C702264072B00D982D1 /* TableViewCustomCellTests */,
				D2A23C7B2264072B00D982D1 /* TableViewCustomCellUITests */,
			);
		};
/* End PBXProject section */

/* Begin PBXResourcesBuildPhase section */
		D2A23C572264072900D982D1 /* Resources */ = {
			isa = PBXResourcesBuildPhase;
			buildActionMask = 2147483647;
			files = (
				D2A23C692264072B00D982D1 /* LaunchScreen.storyboard in Resources */,
				D2A23C662264072B00D982D1 /* Assets.xcassets in Resources */,
				D2A23C642264072900D982D1 /* Main.storyboard in Resources */,
			);
			runOnlyForDeploymentPostprocessing = 0;
		};
		D2A23C6F2264072B00D982D1 /* Resources */ = {
			isa = PBXResourcesBuildPhase;
			buildActionMask = 2147483647;
			files = (
			);
			runOnlyForDeploymentPostprocessing = 0;
		};
		D2A23C7A2264072B00D982D1 /* Resources */ = {
			isa = PBXResourcesBuildPhase;
			buildActionMask = 2147483647;
			files = (
			);
			runOnlyForDeploymentPostprocessing = 0;
		};
/* End PBXResourcesBuildPhase section */

/* Begin PBXSourcesBuildPhase section */
		D2A23C552264072900D982D1 /* Sources */ = {
			isa = PBXSourcesBuildPhase;
			buildActionMask = 2147483647;
			files = (
				D2A23C612264072900D982D1 /* ViewController.m in Sources */,
				D2A23C6C2264072B00D982D1 /* main.m in Sources */,
				D2A23C5E2264072900D982D1 /* AppDelegate.m in Sources */,
				D2A23C93226409A900D982D1 /* FoodCellTableViewCell.m in Sources */,
				D2A23C902264079900D982D1 /* MainViewController.m in Sources */,
			);
			runOnlyForDeploymentPostprocessing = 0;
		};
		D2A23C6D2264072B00D982D1 /* Sources */ = {
			isa = PBXSourcesBuildPhase;
			buildActionMask = 2147483647;
			files = (
				D2A23C762264072B00D982D1 /* TableViewCustomCellTests.m in Sources */,
			);
			runOnlyForDeploymentPostprocessing = 0;
		};
		D2A23C782264072B00D982D1 /* Sources */ = {
			isa = PBXSourcesBuildPhase;
			buildActionMask = 2147483647;
			files = (
				D2A23C812264072B00D982D1 /* TableViewCustomCellUITests.m in Sources */,
			);
			runOnlyForDeploymentPostprocessing = 0;
		};
/* End PBXSourcesBuildPhase section */

/* Begin PBXTargetDependency section */
		D2A23C732264072B00D982D1 /* PBXTargetDependency */ = {
			isa = PBXTargetDependency;
			target = D2A23C582264072900D982D1 /* TableViewCustomCell */;
			targetProxy = D2A23C722264072B00D982D1 /* PBXContainerItemProxy */;
		};
		D2A23C7E2264072B00D982D1 /* PBXTargetDependency */ = {
			isa = PBXTargetDependency;
			target = D2A23C582264072900D982D1 /* TableViewCustomCell */;
			targetProxy = D2A23C7D2264072B00D982D1 /* PBXContainerItemProxy */;
		};
/* End PBXTargetDependency section */

/* Begin PBXVariantGroup section */
		D2A23C622264072900D982D1 /* Main.storyboard */ = {
			isa = PBXVariantGroup;
			children = (
				D2A23C632264072900D982D1 /* Base */,
			);
			name = Main.storyboard;
			sourceTree = "<group>";
		};
		D2A23C672264072B00D982D1 /* LaunchScreen.storyboard */ = {
			isa = PBXVariantGroup;
			children = (
				D2A23C682264072B00D982D1 /* Base */,
			);
			name = LaunchScreen.storyboard;
			sourceTree = "<group>";
		};
/* End PBXVariantGroup section */

/* Begin XCBuildConfiguration section */
		D2A23C832264072B00D982D1 /* Debug */ = {
			isa = XCBuildConfiguration;
			buildSettings = {
				ALWAYS_SEARCH_USER_PATHS = NO;
				CLANG_ANALYZER_NONNULL = YES;
				CLANG_ANALYZER_NUMBER_OBJECT_CONVERSION = YES_AGGRESSIVE;
				CLANG_CXX_LANGUAGE_STANDARD = "gnu++14";
				CLANG_CXX_LIBRARY = "libc++";
				CLANG_ENABLE_MODULES = YES;
				CLANG_ENABLE_OBJC_ARC = YES;
				CLANG_ENABLE_OBJC_WEAK = YES;
				CLANG_WARN_BLOCK_CAPTURE_AUTORELEASING = YES;
				CLANG_WARN_BOOL_CONVERSION = YES;
				CLANG_WARN_COMMA = YES;
				CLANG_WARN_CONSTANT_CONVERSION = YES;
				CLANG_WARN_DEPRECATED_OBJC_IMPLEMENTATIONS = YES;
				CLANG_WARN_DIRECT_OBJC_ISA_USAGE = YES_ERROR;
				CLANG_WARN_DOCUMENTATION_COMMENTS = YES;
				CLANG_WARN_EMPTY_BODY = YES;
				CLANG_WARN_ENUM_CONVERSION = YES;
				CLANG_WARN_INFINITE_RECURSION = YES;
				CLANG_WARN_INT_CONVERSION = YES;
				CLANG_WARN_NON_LITERAL_NULL_CONVERSION = YES;
				CLANG_WARN_OBJC_IMPLICIT_RETAIN_SELF = YES;
				CLANG_WARN_OBJC_LITERAL_CONVERSION = YES;
				CLANG_WARN_OBJC_ROOT_CLASS = YES_ERROR;
				CLANG_WARN_RANGE_LOOP_ANALYSIS = YES;
				CLANG_WARN_STRICT_PROTOTYPES = YES;
				CLANG_WARN_SUSPICIOUS_MOVE = YES;
				CLANG_WARN_UNGUARDED_AVAILABILITY = YES_AGGRESSIVE;
				CLANG_WARN_UNREACHABLE_CODE = YES;
				CLANG_WARN__DUPLICATE_METHOD_MATCH = YES;
				CODE_SIGN_IDENTITY = "iPhone Developer";
				COPY_PHASE_STRIP = NO;
				DEBUG_INFORMATION_FORMAT = dwarf;
				ENABLE_STRICT_OBJC_MSGSEND = YES;
				ENABLE_TESTABILITY = YES;
				GCC_C_LANGUAGE_STANDARD = gnu11;
				GCC_DYNAMIC_NO_PIC = NO;
				GCC_NO_COMMON_BLOCKS = YES;
				GCC_OPTIMIZATION_LEVEL = 0;
				GCC_PREPROCESSOR_DEFINITIONS = (
					"DEBUG=1",
					"$(inherited)",
				);
				GCC_WARN_64_TO_32_BIT_CONVERSION = YES;
				GCC_WARN_ABOUT_RETURN_TYPE = YES_ERROR;
				GCC_WARN_UNDECLARED_SELECTOR = YES;
				GCC_WARN_UNINITIALIZED_AUTOS = YES_AGGRESSIVE;
				GCC_WARN_UNUSED_FUNCTION = YES;
				GCC_WARN_UNUSED_VARIABLE = YES;
				IPHONEOS_DEPLOYMENT_TARGET = 12.1;
				MTL_ENABLE_DEBUG_INFO = INCLUDE_SOURCE;
				MTL_FAST_MATH = YES;
				ONLY_ACTIVE_ARCH = YES;
				SDKROOT = iphoneos;
			};
			name = Debug;
		};
		D2A23C842264072B00D982D1 /* Release */ = {
			isa = XCBuildConfiguration;
			buildSettings = {
				ALWAYS_SEARCH_USER_PATHS = NO;
				CLANG_ANALYZER_NONNULL = YES;
				CLANG_ANALYZER_NUMBER_OBJECT_CONVERSION = YES_AGGRESSIVE;
				CLANG_CXX_LANGUAGE_STANDARD = "gnu++14";
				CLANG_CXX_LIBRARY = "libc++";
				CLANG_ENABLE_MODULES = YES;
				CLANG_ENABLE_OBJC_ARC = YES;
				CLANG_ENABLE_OBJC_WEAK = YES;
				CLANG_WARN_BLOCK_CAPTURE_AUTORELEASING = YES;
				CLANG_WARN_BOOL_CONVERSION = YES;
				CLANG_WARN_COMMA = YES;
				CLANG_WARN_CONSTANT_CONVERSION = YES;
				CLANG_WARN_DEPRECATED_OBJC_IMPLEMENTATIONS = YES;
				CLANG_WARN_DIRECT_OBJC_ISA_USAGE = YES_ERROR;
				CLANG_WARN_DOCUMENTATION_COMMENTS = YES;
				CLANG_WARN_EMPTY_BODY = YES;
				CLANG_WARN_ENUM_CONVERSION = YES;
				CLANG_WARN_INFINITE_RECURSION = YES;
				CLANG_WARN_INT_CONVERSION = YES;
				CLANG_WARN_NON_LITERAL_NULL_CONVERSION = YES;
				CLANG_WARN_OBJC_IMPLICIT_RETAIN_SELF = YES;
				CLANG_WARN_OBJC_LITERAL_CONVERSION = YES;
				CLANG_WARN_OBJC_ROOT_CLASS = YES_ERROR;
				CLANG_WARN_RANGE_LOOP_ANALYSIS = YES;
				CLANG_WARN_STRICT_PROTOTYPES = YES;
				CLANG_WARN_SUSPICIOUS_MOVE = YES;
				CLANG_WARN_UNGUARDED_AVAILABILITY = YES_AGGRESSIVE;
				CLANG_WARN_UNREACHABLE_CODE = YES;
				CLANG_WARN__DUPLICATE_METHOD_MATCH = YES;
				CODE_SIGN_IDENTITY = "iPhone Developer";
				COPY_PHASE_STRIP = NO;
				DEBUG_INFORMATION_FORMAT = "dwarf-with-dsym";
				ENABLE_NS_ASSERTIONS = NO;
				ENABLE_STRICT_OBJC_MSGSEND = YES;
				GCC_C_LANGUAGE_STANDARD = gnu11;
				GCC_NO_COMMON_BLOCKS = YES;
				GCC_WARN_64_TO_32_BIT_CONVERSION = YES;
				GCC_WARN_ABOUT_RETURN_TYPE = YES_ERROR;
				GCC_WARN_UNDECLARED_SELECTOR = YES;
				GCC_WARN_UNINITIALIZED_AUTOS = YES_AGGRESSIVE;
				GCC_WARN_UNUSED_FUNCTION = YES;
				GCC_WARN_UNUSED_VARIABLE = YES;
				IPHONEOS_DEPLOYMENT_TARGET = 12.1;
				MTL_ENABLE_DEBUG_INFO = NO;
				MTL_FAST_MATH = YES;
				SDKROOT = iphoneos;
				VALIDATE_PRODUCT = YES;
			};
			name = Release;
		};
		D2A23C862264072B00D982D1 /* Debug */ = {
			isa = XCBuildConfiguration;
			buildSettings = {
				ASSETCATALOG_COMPILER_APPICON_NAME = AppIcon;
				CODE_SIGN_STYLE = Automatic;
				INFOPLIST_FILE = TableViewCustomCell/Info.plist;
				LD_RUNPATH_SEARCH_PATHS = (
					"$(inherited)",
					"@executable_path/Frameworks",
				);
				PRODUCT_BUNDLE_IDENTIFIER = com.hdu.TableViewCustomCell;
				PRODUCT_NAME = "$(TARGET_NAME)";
				TARGETED_DEVICE_FAMILY = "1,2";
			};
			name = Debug;
		};
		D2A23C872264072B00D982D1 /* Release */ = {
			isa = XCBuildConfiguration;
			buildSettings = {
				ASSETCATALOG_COMPILER_APPICON_NAME = AppIcon;
				CODE_SIGN_STYLE = Automatic;
				INFOPLIST_FILE = TableViewCustomCell/Info.plist;
				LD_RUNPATH_SEARCH_PATHS = (
					"$(inherited)",
					"@executable_path/Frameworks",
				);
				PRODUCT_BUNDLE_IDENTIFIER = com.hdu.TableViewCustomCell;
				PRODUCT_NAME = "$(TARGET_NAME)";
				TARGETED_DEVICE_FAMILY = "1,2";
			};
			name = Release;
		};
		D2A23C892264072B00D982D1 /* Debug */ = {
			isa = XCBuildConfiguration;
			buildSettings = {
				BUNDLE_LOADER = "$(TEST_HOST)";
				CODE_SIGN_STYLE = Automatic;
				INFOPLIST_FILE = TableViewCustomCellTests/Info.plist;
				LD_RUNPATH_SEARCH_PATHS = (
					"$(inherited)",
					"@executable_path/Frameworks",
					"@loader_path/Frameworks",
				);
				PRODUCT_BUNDLE_IDENTIFIER = com.hdu.TableViewCustomCellTests;
				PRODUCT_NAME = "$(TARGET_NAME)";
				TARGETED_DEVICE_FAMILY = "1,2";
				TEST_HOST = "$(BUILT_PRODUCTS_DIR)/TableViewCustomCell.app/TableViewCustomCell";
			};
			name = Debug;
		};
		D2A23C8A2264072B00D982D1 /* Release */ = {
			isa = XCBuildConfiguration;
			buildSettings = {
				BUNDLE_LOADER = "$(TEST_HOST)";
				CODE_SIGN_STYLE = Automatic;
				INFOPLIST_FILE = TableViewCustomCellTests/Info.plist;
				LD_RUNPATH_SEARCH_PATHS = (
					"$(inherited)",
					"@executable_path/Frameworks",
					"@loader_path/Frameworks",
				);
				PRODUCT_BUNDLE_IDENTIFIER = com.hdu.TableViewCustomCellTests;
				PRODUCT_NAME = "$(TARGET_NAME)";
				TARGETED_DEVICE_FAMILY = "1,2";
				TEST_HOST = "$(BUILT_PRODUCTS_DIR)/TableViewCustomCell.app/TableViewCustomCell";
			};
			name = Release;
		};
		D2A23C8C2264072B00D982D1 /* Debug */ = {
			isa = XCBuildConfiguration;
			buildSettings = {
				CODE_SIGN_STYLE = Automatic;
				INFOPLIST_FILE = TableViewCustomCellUITests/Info.plist;
				LD_RUNPATH_SEARCH_PATHS = (
					"$(inherited)",
					"@executable_path/Frameworks",
					"@loader_path/Frameworks",
				);
				PRODUCT_BUNDLE_IDENTIFIER = com.hdu.TableViewCustomCellUITests;
				PRODUCT_NAME = "$(TARGET_NAME)";
				TARGETED_DEVICE_FAMILY = "1,2";
				TEST_TARGET_NAME = TableViewCustomCell;
			};
			name = Debug;
		};
		D2A23C8D2264072B00D982D1 /* Release */ = {
			isa = XCBuildConfiguration;
			buildSettings = {
				CODE_SIGN_STYLE = Automatic;
				INFOPLIST_FILE = TableViewCustomCellUITests/Info.plist;
				LD_RUNPATH_SEARCH_PATHS = (
					"$(inherited)",
					"@executable_path/Frameworks",
					"@loader_path/Frameworks",
				);
				PRODUCT_BUNDLE_IDENTIFIER = com.hdu.TableViewCustomCellUITests;
				PRODUCT_NAME = "$(TARGET_NAME)";
				TARGETED_DEVICE_FAMILY = "1,2";
				TEST_TARGET_NAME = TableViewCustomCell;
			};
			name = Release;
		};
/* End XCBuildConfiguration section */

/* Begin XCConfigurationList section */
		D2A23C542264072900D982D1 /* Build configuration list for PBXProject "TableViewCustomCell" */ = {
			isa = XCConfigurationList;
			buildConfigurations = (
				D2A23C832264072B00D982D1 /* Debug */,
				D2A23C842264072B00D982D1 /* Release */,
			);
			defaultConfigurationIsVisible = 0;
			defaultConfigurationName = Release;
		};
		D2A23C852264072B00D982D1 /* Build configuration list for PBXNativeTarget "TableViewCustomCell" */ = {
			isa = XCConfigurationList;
			buildConfigurations = (
				D2A23C862264072B00D982D1 /* Debug */,
				D2A23C872264072B00D982D1 /* Release */,
			);
			defaultConfigurationIsVisible = 0;
			defaultConfigurationName = Release;
		};
		D2A23C882264072B00D982D1 /* Build configuration list for PBXNativeTarget "TableViewCustomCellTests" */ = {
			isa = XCConfigurationList;
			buildConfigurations = (
				D2A23C892264072B00D982D1 /* Debug */,
				D2A23C8A2264072B00D982D1 /* Release */,
			);
			defaultConfigurationIsVisible = 0;
			defaultConfigurationName = Release;
		};
		D2A23C8B2264072B00D982D1 /* Build configuration list for PBXNativeTarget "TableViewCustomCellUITests" */ = {
			isa = XCConfigurationList;
			buildConfigurations = (
				D2A23C8C2264072B00D982D1 /* Debug */,
				D2A23C8D2264072B00D982D1 /* Release */,
			);
			defaultConfigurationIsVisible = 0;
			defaultConfigurationName = Release;
		};
/* End XCConfigurationList section */
	};
	rootObject = D2A23C512264072900D982D1 /* Project object */;
}
